[[package]]
name = "attrs"
version = "22.1.0"
description = "Classes Without Boilerplate"
category = "dev"
optional = false
python-versions = ">=3.5"

[package.extras]
dev = ["cloudpickle", "coverage[toml] (>=5.0.2)", "furo", "hypothesis", "mypy (>=0.900,!=0.940)", "pre-commit", "pympler", "pytest (>=4.3.0)", "pytest-mypy-plugins", "sphinx", "sphinx-notfound-page", "zope.interface"]
docs = ["furo", "sphinx", "sphinx-notfound-page", "zope.interface"]
tests = ["cloudpickle", "coverage[toml] (>=5.0.2)", "hypothesis", "mypy (>=0.900,!=0.940)", "pympler", "pytest (>=4.3.0)", "pytest-mypy-plugins", "zope.interface"]
tests-no-zope = ["cloudpickle", "coverage[toml] (>=5.0.2)", "hypothesis", "mypy (>=0.900,!=0.940)", "pympler", "pytest (>=4.3.0)", "pytest-mypy-plugins"]

[[package]]
name = "black"
version = "22.10.0"
description = "The uncompromising code formatter."
category = "dev"
optional = false
python-versions = ">=3.7"

[package.dependencies]
click = ">=8.0.0"
mypy-extensions = ">=0.4.3"
pathspec = ">=0.9.0"
platformdirs = ">=2"
tomli = {version = ">=1.1.0", markers = "python_full_version < \"3.11.0a7\""}
typing-extensions = {version = ">=3.10.0.0", markers = "python_version < \"3.10\""}

[package.extras]
colorama = ["colorama (>=0.4.3)"]
d = ["aiohttp (>=3.7.4)"]
jupyter = ["ipython (>=7.8.0)", "tokenize-rt (>=3.2.0)"]
uvloop = ["uvloop (>=0.15.2)"]

[[package]]
name = "click"
version = "8.1.3"
description = "Composable command line interface toolkit"
category = "dev"
optional = false
python-versions = ">=3.7"

[package.dependencies]
colorama = {version = "*", markers = "platform_system == \"Windows\""}

[[package]]
name = "colorama"
version = "0.4.6"
description = "Cross-platform colored terminal text."
category = "dev"
optional = false
python-versions = "!=3.0.*,!=3.1.*,!=3.2.*,!=3.3.*,!=3.4.*,!=3.5.*,!=3.6.*,>=2.7"

[[package]]
name = "compact-json"
version = "1.1.3"
description = "A JSON formatter that produces compact but human-readable"
category = "main"
optional = false
python-versions = ">=3.8"

[[package]]
name = "exceptiongroup"
version = "1.0.0"
description = "Backport of PEP 654 (exception groups)"
category = "dev"
optional = false
python-versions = ">=3.7"

[package.extras]
test = ["pytest (>=6)"]

[[package]]
name = "iniconfig"
version = "1.1.1"
description = "iniconfig: brain-dead simple config-ini parsing"
category = "dev"
optional = false
python-versions = "*"

[[package]]
name = "mccabe"
version = "0.7.0"
description = "McCabe checker, plugin for flake8"
category = "dev"
optional = false
python-versions = ">=3.6"

[[package]]
name = "mypy-extensions"
version = "0.4.3"
description = "Experimental type system extensions for programs checked with the mypy typechecker."
category = "dev"
optional = false
python-versions = "*"

[[package]]
name = "packaging"
version = "21.3"
description = "Core utilities for Python packages"
category = "dev"
optional = false
python-versions = ">=3.6"

[package.dependencies]
pyparsing = ">=2.0.2,<3.0.5 || >3.0.5"

[[package]]
name = "pathspec"
version = "0.10.1"
description = "Utility library for gitignore style pattern matching of file paths."
category = "dev"
optional = false
python-versions = ">=3.7"

[[package]]
name = "pendulum"
version = "2.1.2"
description = "Python datetimes made easy"
category = "main"
optional = false
python-versions = ">=2.7, !=3.0.*, !=3.1.*, !=3.2.*, !=3.3.*, !=3.4.*"

[package.dependencies]
python-dateutil = ">=2.6,<3.0"
pytzdata = ">=2020.1"

[[package]]
name = "platformdirs"
version = "2.5.2"
description = "A small Python module for determining appropriate platform-specific dirs, e.g. a \"user data dir\"."
category = "dev"
optional = false
python-versions = ">=3.7"

[package.extras]
docs = ["furo (>=2021.7.5b38)", "proselint (>=0.10.2)", "sphinx (>=4)", "sphinx-autodoc-typehints (>=1.12)"]
test = ["appdirs (==1.4.4)", "pytest (>=6)", "pytest-cov (>=2.7)", "pytest-mock (>=3.6)"]

[[package]]
name = "pluggy"
version = "1.0.0"
description = "plugin and hook calling mechanisms for python"
category = "dev"
optional = false
python-versions = ">=3.6"

[package.extras]
dev = ["pre-commit", "tox"]
testing = ["pytest", "pytest-benchmark"]

[[package]]
name = "protobuf"
version = "3.20.3"
description = "Protocol Buffers"
category = "main"
optional = false
python-versions = ">=3.7"

[[package]]
name = "pycodestyle"
version = "2.9.1"
description = "Python style guide checker"
category = "dev"
optional = false
python-versions = ">=3.6"

[[package]]
name = "pydocstyle"
version = "6.1.1"
description = "Python docstring style checker"
category = "dev"
optional = false
python-versions = ">=3.6"

[package.dependencies]
snowballstemmer = "*"

[package.extras]
toml = ["toml"]

[[package]]
name = "pyflakes"
version = "2.5.0"
description = "passive checker of Python programs"
category = "dev"
optional = false
python-versions = ">=3.6"

[[package]]
name = "pylama"
version = "8.4.1"
description = "Code audit tool for python"
category = "dev"
optional = false
python-versions = ">=3.7"

[package.dependencies]
mccabe = ">=0.7.0"
pycodestyle = ">=2.9.1"
pydocstyle = ">=6.1.1"
pyflakes = ">=2.5.0"

[package.extras]
all = ["eradicate", "mypy", "pylint", "radon", "vulture"]
eradicate = ["eradicate"]
mypy = ["mypy"]
pylint = ["pylint"]
radon = ["radon"]
tests = ["eradicate (>=2.0.0)", "mypy", "pylama-quotes", "pylint (>=2.11.1)", "pytest (>=7.1.2)", "pytest-mypy", "radon (>=5.1.0)", "toml", "types-setuptools", "types-toml", "vulture"]
toml = ["toml (>=0.10.2)"]
vulture = ["vulture"]

[[package]]
name = "pyparsing"
version = "3.0.9"
description = "pyparsing module - Classes and methods to define and execute parsing grammars"
category = "dev"
optional = false
python-versions = ">=3.6.8"

[package.extras]
diagrams = ["jinja2", "railroad-diagrams"]

[[package]]
name = "pytest"
version = "7.2.0"
description = "pytest: simple powerful testing with Python"
category = "dev"
optional = false
python-versions = ">=3.7"

[package.dependencies]
attrs = ">=19.2.0"
colorama = {version = "*", markers = "sys_platform == \"win32\""}
exceptiongroup = {version = ">=1.0.0rc8", markers = "python_version < \"3.11\""}
iniconfig = "*"
packaging = "*"
pluggy = ">=0.12,<2.0"
tomli = {version = ">=1.0.0", markers = "python_version < \"3.11\""}

[package.extras]
testing = ["argcomplete", "hypothesis (>=3.56)", "mock", "nose", "pygments (>=2.7.2)", "requests", "xmlschema"]

[[package]]
name = "pytest-check"
version = "1.0.10"
description = "A pytest plugin that allows multiple failures per test."
category = "dev"
optional = false
python-versions = ">3.7"

[[package]]
name = "pytest-console-scripts"
version = "1.3.1"
description = "Pytest plugin for testing console scripts"
category = "dev"
optional = false
python-versions = ">=3.6"

[package.dependencies]
pytest = ">=4.0.0"

[[package]]
name = "python-dateutil"
version = "2.8.2"
description = "Extensions to the standard Python datetime module"
category = "main"
optional = false
python-versions = "!=3.0.*,!=3.1.*,!=3.2.*,>=2.7"

[package.dependencies]
six = ">=1.5"

[[package]]
name = "python-snappy"
version = "0.6.1"
description = "Python library for the snappy compression library from Google"
category = "main"
optional = false
python-versions = "*"

[[package]]
name = "pytzdata"
version = "2020.1"
description = "The Olson timezone database for Python."
category = "main"
optional = false
python-versions = ">=2.7, !=3.0.*, !=3.1.*, !=3.2.*, !=3.3.*"

[[package]]
name = "regex"
version = "2022.9.13"
description = "Alternative regular expression module, to replace re."
category = "main"
optional = false
python-versions = ">=3.6"

[[package]]
name = "roman"
version = "3.3"
description = "Integer to Roman numerals converter"
category = "main"
optional = false
python-versions = ">=2.7,!=3.0.*,!=3.1.*,!=3.2.*,!=3.3.*,!=3.4.*"

[[package]]
name = "six"
version = "1.16.0"
description = "Python 2 and 3 compatibility utilities"
category = "main"
optional = false
python-versions = ">=2.7, !=3.0.*, !=3.1.*, !=3.2.*"

[[package]]
name = "snowballstemmer"
version = "2.2.0"
description = "This package provides 29 stemmers for 28 languages generated from Snowball algorithms."
category = "dev"
optional = false
python-versions = "*"

[[package]]
name = "tomli"
version = "2.0.1"
description = "A lil' TOML parser"
category = "dev"
optional = false
python-versions = ">=3.7"

[[package]]
name = "typing-extensions"
version = "4.4.0"
description = "Backported and Experimental Type Hints for Python 3.7+"
category = "dev"
optional = false
python-versions = ">=3.7"

[metadata]
lock-version = "1.1"
python-versions = "^3.8"
content-hash = "78d454e34860ebd5910c460553a9334aad2dddf5857d2ca6a4ff4513a7111900"

[metadata.files]
attrs = [
    {file = "attrs-22.1.0-py2.py3-none-any.whl", hash = "sha256:86efa402f67bf2df34f51a335487cf46b1ec130d02b8d39fd248abfd30da551c"},
    {file = "attrs-22.1.0.tar.gz", hash = "sha256:29adc2665447e5191d0e7c568fde78b21f9672d344281d0c6e1ab085429b22b6"},
]
black = [
    {file = "black-22.10.0-1fixedarch-cp310-cp310-macosx_11_0_x86_64.whl", hash = "sha256:5cc42ca67989e9c3cf859e84c2bf014f6633db63d1cbdf8fdb666dcd9e77e3fa"},
    {file = "black-22.10.0-1fixedarch-cp311-cp311-macosx_11_0_x86_64.whl", hash = "sha256:5d8f74030e67087b219b032aa33a919fae8806d49c867846bfacde57f43972ef"},
    {file = "black-22.10.0-1fixedarch-cp37-cp37m-macosx_10_16_x86_64.whl", hash = "sha256:197df8509263b0b8614e1df1756b1dd41be6738eed2ba9e9769f3880c2b9d7b6"},
    {file = "black-22.10.0-1fixedarch-cp38-cp38-macosx_10_16_x86_64.whl", hash = "sha256:2644b5d63633702bc2c5f3754b1b475378fbbfb481f62319388235d0cd104c2d"},
    {file = "black-22.10.0-1fixedarch-cp39-cp39-macosx_11_0_x86_64.whl", hash = "sha256:e41a86c6c650bcecc6633ee3180d80a025db041a8e2398dcc059b3afa8382cd4"},
    {file = "black-22.10.0-cp310-cp310-macosx_11_0_arm64.whl", hash = "sha256:2039230db3c6c639bd84efe3292ec7b06e9214a2992cd9beb293d639c6402edb"},
    {file = "black-22.10.0-cp310-cp310-manylinux_2_17_x86_64.manylinux2014_x86_64.whl", hash = "sha256:14ff67aec0a47c424bc99b71005202045dc09270da44a27848d534600ac64fc7"},
    {file = "black-22.10.0-cp310-cp310-win_amd64.whl", hash = "sha256:819dc789f4498ecc91438a7de64427c73b45035e2e3680c92e18795a839ebb66"},
    {file = "black-22.10.0-cp311-cp311-macosx_11_0_arm64.whl", hash = "sha256:5b9b29da4f564ba8787c119f37d174f2b69cdfdf9015b7d8c5c16121ddc054ae"},
    {file = "black-22.10.0-cp311-cp311-manylinux_2_17_x86_64.manylinux2014_x86_64.whl", hash = "sha256:b8b49776299fece66bffaafe357d929ca9451450f5466e997a7285ab0fe28e3b"},
    {file = "black-22.10.0-cp311-cp311-win_amd64.whl", hash = "sha256:21199526696b8f09c3997e2b4db8d0b108d801a348414264d2eb8eb2532e540d"},
    {file = "black-22.10.0-cp37-cp37m-manylinux_2_17_x86_64.manylinux2014_x86_64.whl", hash = "sha256:1e464456d24e23d11fced2bc8c47ef66d471f845c7b7a42f3bd77bf3d1789650"},
    {file = "black-22.10.0-cp37-cp37m-win_amd64.whl", hash = "sha256:9311e99228ae10023300ecac05be5a296f60d2fd10fff31cf5c1fa4ca4b1988d"},
    {file = "black-22.10.0-cp38-cp38-macosx_11_0_arm64.whl", hash = "sha256:fba8a281e570adafb79f7755ac8721b6cf1bbf691186a287e990c7929c7692ff"},
    {file = "black-22.10.0-cp38-cp38-manylinux_2_17_x86_64.manylinux2014_x86_64.whl", hash = "sha256:915ace4ff03fdfff953962fa672d44be269deb2eaf88499a0f8805221bc68c87"},
    {file = "black-22.10.0-cp38-cp38-win_amd64.whl", hash = "sha256:444ebfb4e441254e87bad00c661fe32df9969b2bf224373a448d8aca2132b395"},
    {file = "black-22.10.0-cp39-cp39-macosx_11_0_arm64.whl", hash = "sha256:974308c58d057a651d182208a484ce80a26dac0caef2895836a92dd6ebd725e0"},
    {file = "black-22.10.0-cp39-cp39-manylinux_2_17_x86_64.manylinux2014_x86_64.whl", hash = "sha256:72ef3925f30e12a184889aac03d77d031056860ccae8a1e519f6cbb742736383"},
    {file = "black-22.10.0-cp39-cp39-win_amd64.whl", hash = "sha256:432247333090c8c5366e69627ccb363bc58514ae3e63f7fc75c54b1ea80fa7de"},
    {file = "black-22.10.0-py3-none-any.whl", hash = "sha256:c957b2b4ea88587b46cf49d1dc17681c1e672864fd7af32fc1e9664d572b3458"},
    {file = "black-22.10.0.tar.gz", hash = "sha256:f513588da599943e0cde4e32cc9879e825d58720d6557062d1098c5ad80080e1"},
]
click = [
    {file = "click-8.1.3-py3-none-any.whl", hash = "sha256:bb4d8133cb15a609f44e8213d9b391b0809795062913b383c62be0ee95b1db48"},
    {file = "click-8.1.3.tar.gz", hash = "sha256:7682dc8afb30297001674575ea00d1814d808d6a36af415a82bd481d37ba7b8e"},
]
colorama = [
    {file = "colorama-0.4.6-py2.py3-none-any.whl", hash = "sha256:4f1d9991f5acc0ca119f9d443620b77f9d6b33703e51011c16baf57afb285fc6"},
    {file = "colorama-0.4.6.tar.gz", hash = "sha256:08695f5cb7ed6e0531a20572697297273c47b8cae5a63ffc6d6ed5c201be6e44"},
]
compact-json = [
    {file = "compact-json-1.1.3.tar.gz", hash = "sha256:099a0f1da2b35c9e4cccf1f2e59488c95983655855de9700017fcfdd2414a4de"},
]
exceptiongroup = [
    {file = "exceptiongroup-1.0.0-py3-none-any.whl", hash = "sha256:2ac84b496be68464a2da60da518af3785fff8b7ec0d090a581604bc870bdee41"},
    {file = "exceptiongroup-1.0.0.tar.gz", hash = "sha256:affbabf13fb6e98988c38d9c5650e701569fe3c1de3233cfb61c5f33774690ad"},
]
iniconfig = [
    {file = "iniconfig-1.1.1-py2.py3-none-any.whl", hash = "sha256:011e24c64b7f47f6ebd835bb12a743f2fbe9a26d4cecaa7f53bc4f35ee9da8b3"},
    {file = "iniconfig-1.1.1.tar.gz", hash = "sha256:bc3af051d7d14b2ee5ef9969666def0cd1a000e121eaea580d4a313df4b37f32"},
]
mccabe = [
    {file = "mccabe-0.7.0-py2.py3-none-any.whl", hash = "sha256:6c2d30ab6be0e4a46919781807b4f0d834ebdd6c6e3dca0bda5a15f863427b6e"},
    {file = "mccabe-0.7.0.tar.gz", hash = "sha256:348e0240c33b60bbdf4e523192ef919f28cb2c3d7d5c7794f74009290f236325"},
]
mypy-extensions = [
    {file = "mypy_extensions-0.4.3-py2.py3-none-any.whl", hash = "sha256:090fedd75945a69ae91ce1303b5824f428daf5a028d2f6ab8a299250a846f15d"},
    {file = "mypy_extensions-0.4.3.tar.gz", hash = "sha256:2d82818f5bb3e369420cb3c4060a7970edba416647068eb4c5343488a6c604a8"},
]
packaging = [
    {file = "packaging-21.3-py3-none-any.whl", hash = "sha256:ef103e05f519cdc783ae24ea4e2e0f508a9c99b2d4969652eed6a2e1ea5bd522"},
    {file = "packaging-21.3.tar.gz", hash = "sha256:dd47c42927d89ab911e606518907cc2d3a1f38bbd026385970643f9c5b8ecfeb"},
]
pathspec = [
    {file = "pathspec-0.10.1-py3-none-any.whl", hash = "sha256:46846318467efc4556ccfd27816e004270a9eeeeb4d062ce5e6fc7a87c573f93"},
    {file = "pathspec-0.10.1.tar.gz", hash = "sha256:7ace6161b621d31e7902eb6b5ae148d12cfd23f4a249b9ffb6b9fee12084323d"},
]
pendulum = [
    {file = "pendulum-2.1.2-cp27-cp27m-macosx_10_15_x86_64.whl", hash = "sha256:b6c352f4bd32dff1ea7066bd31ad0f71f8d8100b9ff709fb343f3b86cee43efe"},
    {file = "pendulum-2.1.2-cp27-cp27m-win_amd64.whl", hash = "sha256:318f72f62e8e23cd6660dbafe1e346950281a9aed144b5c596b2ddabc1d19739"},
    {file = "pendulum-2.1.2-cp35-cp35m-macosx_10_15_x86_64.whl", hash = "sha256:0731f0c661a3cb779d398803655494893c9f581f6488048b3fb629c2342b5394"},
    {file = "pendulum-2.1.2-cp35-cp35m-manylinux1_i686.whl", hash = "sha256:3481fad1dc3f6f6738bd575a951d3c15d4b4ce7c82dce37cf8ac1483fde6e8b0"},
    {file = "pendulum-2.1.2-cp35-cp35m-manylinux1_x86_64.whl", hash = "sha256:9702069c694306297ed362ce7e3c1ef8404ac8ede39f9b28b7c1a7ad8c3959e3"},
    {file = "pendulum-2.1.2-cp35-cp35m-win_amd64.whl", hash = "sha256:fb53ffa0085002ddd43b6ca61a7b34f2d4d7c3ed66f931fe599e1a531b42af9b"},
    {file = "pendulum-2.1.2-cp36-cp36m-macosx_10_15_x86_64.whl", hash = "sha256:c501749fdd3d6f9e726086bf0cd4437281ed47e7bca132ddb522f86a1645d360"},
    {file = "pendulum-2.1.2-cp36-cp36m-manylinux1_i686.whl", hash = "sha256:c807a578a532eeb226150d5006f156632df2cc8c5693d778324b43ff8c515dd0"},
    {file = "pendulum-2.1.2-cp36-cp36m-manylinux1_x86_64.whl", hash = "sha256:2d1619a721df661e506eff8db8614016f0720ac171fe80dda1333ee44e684087"},
    {file = "pendulum-2.1.2-cp36-cp36m-win_amd64.whl", hash = "sha256:f888f2d2909a414680a29ae74d0592758f2b9fcdee3549887779cd4055e975db"},
    {file = "pendulum-2.1.2-cp37-cp37m-macosx_10_15_x86_64.whl", hash = "sha256:e95d329384717c7bf627bf27e204bc3b15c8238fa8d9d9781d93712776c14002"},
    {file = "pendulum-2.1.2-cp37-cp37m-manylinux1_i686.whl", hash = "sha256:4c9c689747f39d0d02a9f94fcee737b34a5773803a64a5fdb046ee9cac7442c5"},
    {file = "pendulum-2.1.2-cp37-cp37m-manylinux1_x86_64.whl", hash = "sha256:1245cd0075a3c6d889f581f6325dd8404aca5884dea7223a5566c38aab94642b"},
    {file = "pendulum-2.1.2-cp37-cp37m-win_amd64.whl", hash = "sha256:db0a40d8bcd27b4fb46676e8eb3c732c67a5a5e6bfab8927028224fbced0b40b"},
    {file = "pendulum-2.1.2-cp38-cp38-macosx_10_15_x86_64.whl", hash = "sha256:f5e236e7730cab1644e1b87aca3d2ff3e375a608542e90fe25685dae46310116"},
    {file = "pendulum-2.1.2-cp38-cp38-manylinux1_i686.whl", hash = "sha256:de42ea3e2943171a9e95141f2eecf972480636e8e484ccffaf1e833929e9e052"},
    {file = "pendulum-2.1.2-cp38-cp38-manylinux1_x86_64.whl", hash = "sha256:7c5ec650cb4bec4c63a89a0242cc8c3cebcec92fcfe937c417ba18277d8560be"},
    {file = "pendulum-2.1.2-cp38-cp38-win_amd64.whl", hash = "sha256:33fb61601083f3eb1d15edeb45274f73c63b3c44a8524703dc143f4212bf3269"},
    {file = "pendulum-2.1.2-cp39-cp39-manylinux1_i686.whl", hash = "sha256:29c40a6f2942376185728c9a0347d7c0f07905638c83007e1d262781f1e6953a"},
    {file = "pendulum-2.1.2-cp39-cp39-manylinux1_x86_64.whl", hash = "sha256:94b1fc947bfe38579b28e1cccb36f7e28a15e841f30384b5ad6c5e31055c85d7"},
    {file = "pendulum-2.1.2.tar.gz", hash = "sha256:b06a0ca1bfe41c990bbf0c029f0b6501a7f2ec4e38bfec730712015e8860f207"},
]
platformdirs = [
    {file = "platformdirs-2.5.2-py3-none-any.whl", hash = "sha256:027d8e83a2d7de06bbac4e5ef7e023c02b863d7ea5d079477e722bb41ab25788"},
    {file = "platformdirs-2.5.2.tar.gz", hash = "sha256:58c8abb07dcb441e6ee4b11d8df0ac856038f944ab98b7be6b27b2a3c7feef19"},
]
pluggy = [
    {file = "pluggy-1.0.0-py2.py3-none-any.whl", hash = "sha256:74134bbf457f031a36d68416e1509f34bd5ccc019f0bcc952c7b909d06b37bd3"},
    {file = "pluggy-1.0.0.tar.gz", hash = "sha256:4224373bacce55f955a878bf9cfa763c1e360858e330072059e10bad68531159"},
]
protobuf = [
    {file = "protobuf-3.20.3-cp310-cp310-manylinux2014_aarch64.whl", hash = "sha256:f4bd856d702e5b0d96a00ec6b307b0f51c1982c2bf9c0052cf9019e9a544ba99"},
    {file = "protobuf-3.20.3-cp310-cp310-manylinux_2_12_x86_64.manylinux2010_x86_64.whl", hash = "sha256:9aae4406ea63d825636cc11ffb34ad3379335803216ee3a856787bcf5ccc751e"},
    {file = "protobuf-3.20.3-cp310-cp310-win32.whl", hash = "sha256:28545383d61f55b57cf4df63eebd9827754fd2dc25f80c5253f9184235db242c"},
    {file = "protobuf-3.20.3-cp310-cp310-win_amd64.whl", hash = "sha256:67a3598f0a2dcbc58d02dd1928544e7d88f764b47d4a286202913f0b2801c2e7"},
    {file = "protobuf-3.20.3-cp36-cp36m-manylinux_2_5_x86_64.manylinux1_x86_64.whl", hash = "sha256:899dc660cd599d7352d6f10d83c95df430a38b410c1b66b407a6b29265d66469"},
    {file = "protobuf-3.20.3-cp37-cp37m-macosx_10_9_x86_64.whl", hash = "sha256:e64857f395505ebf3d2569935506ae0dfc4a15cb80dc25261176c784662cdcc4"},
    {file = "protobuf-3.20.3-cp37-cp37m-manylinux2014_aarch64.whl", hash = "sha256:d9e4432ff660d67d775c66ac42a67cf2453c27cb4d738fc22cb53b5d84c135d4"},
    {file = "protobuf-3.20.3-cp37-cp37m-manylinux_2_5_x86_64.manylinux1_x86_64.whl", hash = "sha256:74480f79a023f90dc6e18febbf7b8bac7508420f2006fabd512013c0c238f454"},
    {file = "protobuf-3.20.3-cp37-cp37m-win32.whl", hash = "sha256:b6cc7ba72a8850621bfec987cb72623e703b7fe2b9127a161ce61e61558ad905"},
    {file = "protobuf-3.20.3-cp37-cp37m-win_amd64.whl", hash = "sha256:8c0c984a1b8fef4086329ff8dd19ac77576b384079247c770f29cc8ce3afa06c"},
    {file = "protobuf-3.20.3-cp38-cp38-macosx_10_9_x86_64.whl", hash = "sha256:de78575669dddf6099a8a0f46a27e82a1783c557ccc38ee620ed8cc96d3be7d7"},
    {file = "protobuf-3.20.3-cp38-cp38-manylinux2014_aarch64.whl", hash = "sha256:f4c42102bc82a51108e449cbb32b19b180022941c727bac0cfd50170341f16ee"},
    {file = "protobuf-3.20.3-cp38-cp38-manylinux_2_5_x86_64.manylinux1_x86_64.whl", hash = "sha256:44246bab5dd4b7fbd3c0c80b6f16686808fab0e4aca819ade6e8d294a29c7050"},
    {file = "protobuf-3.20.3-cp38-cp38-win32.whl", hash = "sha256:c02ce36ec760252242a33967d51c289fd0e1c0e6e5cc9397e2279177716add86"},
    {file = "protobuf-3.20.3-cp38-cp38-win_amd64.whl", hash = "sha256:447d43819997825d4e71bf5769d869b968ce96848b6479397e29fc24c4a5dfe9"},
    {file = "protobuf-3.20.3-cp39-cp39-macosx_10_9_x86_64.whl", hash = "sha256:398a9e0c3eaceb34ec1aee71894ca3299605fa8e761544934378bbc6c97de23b"},
    {file = "protobuf-3.20.3-cp39-cp39-manylinux2014_aarch64.whl", hash = "sha256:bf01b5720be110540be4286e791db73f84a2b721072a3711efff6c324cdf074b"},
    {file = "protobuf-3.20.3-cp39-cp39-manylinux_2_5_x86_64.manylinux1_x86_64.whl", hash = "sha256:daa564862dd0d39c00f8086f88700fdbe8bc717e993a21e90711acfed02f2402"},
    {file = "protobuf-3.20.3-cp39-cp39-win32.whl", hash = "sha256:819559cafa1a373b7096a482b504ae8a857c89593cf3a25af743ac9ecbd23480"},
    {file = "protobuf-3.20.3-cp39-cp39-win_amd64.whl", hash = "sha256:03038ac1cfbc41aa21f6afcbcd357281d7521b4157926f30ebecc8d4ea59dcb7"},
    {file = "protobuf-3.20.3-py2.py3-none-any.whl", hash = "sha256:a7ca6d488aa8ff7f329d4c545b2dbad8ac31464f1d8b1c87ad1346717731e4db"},
    {file = "protobuf-3.20.3.tar.gz", hash = "sha256:2e3427429c9cffebf259491be0af70189607f365c2f41c7c3764af6f337105f2"},
]
pycodestyle = [
    {file = "pycodestyle-2.9.1-py2.py3-none-any.whl", hash = "sha256:d1735fc58b418fd7c5f658d28d943854f8a849b01a5d0a1e6f3f3fdd0166804b"},
    {file = "pycodestyle-2.9.1.tar.gz", hash = "sha256:2c9607871d58c76354b697b42f5d57e1ada7d261c261efac224b664affdc5785"},
]
pydocstyle = [
    {file = "pydocstyle-6.1.1-py3-none-any.whl", hash = "sha256:6987826d6775056839940041beef5c08cc7e3d71d63149b48e36727f70144dc4"},
    {file = "pydocstyle-6.1.1.tar.gz", hash = "sha256:1d41b7c459ba0ee6c345f2eb9ae827cab14a7533a88c5c6f7e94923f72df92dc"},
]
pyflakes = [
    {file = "pyflakes-2.5.0-py2.py3-none-any.whl", hash = "sha256:4579f67d887f804e67edb544428f264b7b24f435b263c4614f384135cea553d2"},
    {file = "pyflakes-2.5.0.tar.gz", hash = "sha256:491feb020dca48ccc562a8c0cbe8df07ee13078df59813b83959cbdada312ea3"},
]
pylama = [
    {file = "pylama-8.4.1-py3-none-any.whl", hash = "sha256:5bbdbf5b620aba7206d688ed9fc917ecd3d73e15ec1a89647037a09fa3a86e60"},
    {file = "pylama-8.4.1.tar.gz", hash = "sha256:2d4f7aecfb5b7466216d48610c7d6bad1c3990c29cdd392ad08259b161e486f6"},
]
pyparsing = [
    {file = "pyparsing-3.0.9-py3-none-any.whl", hash = "sha256:5026bae9a10eeaefb61dab2f09052b9f4307d44aee4eda64b309723d8d206bbc"},
    {file = "pyparsing-3.0.9.tar.gz", hash = "sha256:2b020ecf7d21b687f219b71ecad3631f644a47f01403fa1d1036b0c6416d70fb"},
]
pytest = [
    {file = "pytest-7.2.0-py3-none-any.whl", hash = "sha256:892f933d339f068883b6fd5a459f03d85bfcb355e4981e146d2c7616c21fef71"},
    {file = "pytest-7.2.0.tar.gz", hash = "sha256:c4014eb40e10f11f355ad4e3c2fb2c6c6d1919c73f3b5a433de4708202cade59"},
]
pytest-check = [
    {file = "pytest-check-1.0.10.tar.gz", hash = "sha256:9e0edcd740f2c5be6a6cedb64c390d979c00cd7836798acb3b6d6c8ed101a22a"},
    {file = "pytest_check-1.0.10-py3-none-any.whl", hash = "sha256:5e11fa4e5daf525b05080a756966aa8e18be6f57db7887fc081e4b2ab352948e"},
]
pytest-console-scripts = [
    {file = "pytest-console-scripts-1.3.1.tar.gz", hash = "sha256:5c6c3daae9cf9fbed0e655072128938600193dc002a5cf1b187248644ba02857"},
    {file = "pytest_console_scripts-1.3.1-py3-none-any.whl", hash = "sha256:21063b2e32df96da51412116e654babb1447a415929158d81d445667de9ea946"},
]
python-dateutil = [
    {file = "python-dateutil-2.8.2.tar.gz", hash = "sha256:0123cacc1627ae19ddf3c27a5de5bd67ee4586fbdd6440d9748f8abb483d3e86"},
    {file = "python_dateutil-2.8.2-py2.py3-none-any.whl", hash = "sha256:961d03dc3453ebbc59dbdea9e4e11c5651520a876d0f4db161e8674aae935da9"},
]
python-snappy = [
    {file = "python-snappy-0.6.1.tar.gz", hash = "sha256:b6a107ab06206acc5359d4c5632bd9b22d448702a79b3169b0c62e0fb808bb2a"},
    {file = "python_snappy-0.6.1-cp310-cp310-macosx_10_9_universal2.whl", hash = "sha256:b7f920eaf46ebf41bd26f9df51c160d40f9e00b7b48471c3438cb8d027f7fb9b"},
    {file = "python_snappy-0.6.1-cp310-cp310-macosx_10_9_x86_64.whl", hash = "sha256:4ec533a8c1f8df797bded662ec3e494d225b37855bb63eb0d75464a07947477c"},
    {file = "python_snappy-0.6.1-cp310-cp310-manylinux_2_12_i686.manylinux2010_i686.whl", hash = "sha256:6f8bf4708a11b47517baf962f9a02196478bbb10fdb9582add4aa1459fa82380"},
    {file = "python_snappy-0.6.1-cp310-cp310-manylinux_2_12_x86_64.manylinux2010_x86_64.whl", hash = "sha256:8d0c019ee7dcf2c60e240877107cddbd95a5b1081787579bf179938392d66480"},
    {file = "python_snappy-0.6.1-cp310-cp310-manylinux_2_17_aarch64.manylinux2014_aarch64.whl", hash = "sha256:cb18d9cd7b3f35a2f5af47bb8ed6a5bdbf4f3ddee37f3daade4ab7864c292f5b"},
    {file = "python_snappy-0.6.1-cp310-cp310-manylinux_2_17_ppc64le.manylinux2014_ppc64le.whl", hash = "sha256:b265cde49774752aec9ca7f5d272e3f98718164afc85521622a8a5394158a2b5"},
    {file = "python_snappy-0.6.1-cp310-cp310-manylinux_2_17_s390x.manylinux2014_s390x.whl", hash = "sha256:d017775851a778ec9cc32651c4464079d06d927303c2dde9ae9830ccf6fe94e1"},
    {file = "python_snappy-0.6.1-cp310-cp310-win32.whl", hash = "sha256:8277d1f6282463c40761f802b742f833f9f2449fcdbb20a96579aa05c8feb614"},
    {file = "python_snappy-0.6.1-cp310-cp310-win_amd64.whl", hash = "sha256:2aaaf618c68d8c9daebc23a20436bd01b09ee70d7fbf7072b7f38b06d2fab539"},
    {file = "python_snappy-0.6.1-cp36-cp36m-macosx_10_9_x86_64.whl", hash = "sha256:277757d5dad4e239dc1417438a0871b65b1b155beb108888e7438c27ffc6a8cc"},
    {file = "python_snappy-0.6.1-cp36-cp36m-manylinux_2_12_i686.manylinux2010_i686.whl", hash = "sha256:e066a0586833d610c4bbddba0be5ba0e3e4f8e0bc5bb6d82103d8f8fc47bb59a"},
    {file = "python_snappy-0.6.1-cp36-cp36m-manylinux_2_12_x86_64.manylinux2010_x86_64.whl", hash = "sha256:0d489b50f49433494160c45048fe806de6b3aeab0586e497ebd22a0bab56e427"},
    {file = "python_snappy-0.6.1-cp36-cp36m-manylinux_2_17_aarch64.manylinux2014_aarch64.whl", hash = "sha256:463fd340a499d47b26ca42d2f36a639188738f6e2098c6dbf80aef0e60f461e1"},
    {file = "python_snappy-0.6.1-cp36-cp36m-manylinux_2_17_ppc64le.manylinux2014_ppc64le.whl", hash = "sha256:9837ac1650cc68d22a3cf5f15fb62c6964747d16cecc8b22431f113d6e39555d"},
    {file = "python_snappy-0.6.1-cp36-cp36m-manylinux_2_17_s390x.manylinux2014_s390x.whl", hash = "sha256:5e973e637112391f05581f427659c05b30b6843bc522a65be35ac7b18ce3dedd"},
    {file = "python_snappy-0.6.1-cp36-cp36m-win32.whl", hash = "sha256:c20498bd712b6e31a4402e1d027a1cd64f6a4a0066a3fe3c7344475886d07fdf"},
    {file = "python_snappy-0.6.1-cp36-cp36m-win_amd64.whl", hash = "sha256:59e975be4206cc54d0a112ef72fa3970a57c2b1bcc2c97ed41d6df0ebe518228"},
    {file = "python_snappy-0.6.1-cp37-cp37m-macosx_10_9_x86_64.whl", hash = "sha256:2a7e528ab6e09c0d67dcb61a1730a292683e5ff9bb088950638d3170cf2a0a54"},
    {file = "python_snappy-0.6.1-cp37-cp37m-manylinux_2_12_i686.manylinux2010_i686.whl", hash = "sha256:39692bedbe0b717001a99915ac0eb2d9d0bad546440d392a2042b96d813eede1"},
    {file = "python_snappy-0.6.1-cp37-cp37m-manylinux_2_12_x86_64.manylinux2010_x86_64.whl", hash = "sha256:6a7620404da966f637b9ce8d4d3d543d363223f7a12452a575189c5355fc2d25"},
    {file = "python_snappy-0.6.1-cp37-cp37m-manylinux_2_17_aarch64.manylinux2014_aarch64.whl", hash = "sha256:7778c224efc38a40d274da4eb82a04cac27aae20012372a7db3c4bbd8926c4d4"},
    {file = "python_snappy-0.6.1-cp37-cp37m-manylinux_2_17_ppc64le.manylinux2014_ppc64le.whl", hash = "sha256:1d029f7051ec1bbeaa3e03030b6d8ed47ceb69cae9016f493c802a08af54e026"},
    {file = "python_snappy-0.6.1-cp37-cp37m-manylinux_2_17_s390x.manylinux2014_s390x.whl", hash = "sha256:a0ad38bc98d0b0497a0b0dbc29409bcabfcecff4511ed7063403c86de16927bc"},
    {file = "python_snappy-0.6.1-cp37-cp37m-win32.whl", hash = "sha256:5a453c45178d7864c1bdd6bfe0ee3ed2883f63b9ba2c9bb967c6b586bf763f96"},
    {file = "python_snappy-0.6.1-cp37-cp37m-win_amd64.whl", hash = "sha256:9f0c0d88b84259f93c3aa46398680646f2c23e43394779758d9f739c34e15295"},
    {file = "python_snappy-0.6.1-cp38-cp38-macosx_10_9_universal2.whl", hash = "sha256:5bb05c28298803a74add08ba496879242ef159c75bc86a5406fac0ffc7dd021b"},
    {file = "python_snappy-0.6.1-cp38-cp38-macosx_10_9_x86_64.whl", hash = "sha256:9eac51307c6a1a38d5f86ebabc26a889fddf20cbba7a116ccb54ba1446601d5b"},
    {file = "python_snappy-0.6.1-cp38-cp38-manylinux_2_12_i686.manylinux2010_i686.whl", hash = "sha256:88b6ea78b83d2796f330b0af1b70cdd3965dbdab02d8ac293260ec2c8fe340ee"},
    {file = "python_snappy-0.6.1-cp38-cp38-manylinux_2_12_x86_64.manylinux2010_x86_64.whl", hash = "sha256:8c07220408d3268e8268c9351c5c08041bc6f8c6172e59d398b71020df108541"},
    {file = "python_snappy-0.6.1-cp38-cp38-manylinux_2_17_aarch64.manylinux2014_aarch64.whl", hash = "sha256:4038019b1bcaadde726a57430718394076c5a21545ebc5badad2c045a09546cf"},
    {file = "python_snappy-0.6.1-cp38-cp38-manylinux_2_17_ppc64le.manylinux2014_ppc64le.whl", hash = "sha256:dc96668d9c7cc656609764275c5f8da58ef56d89bdd6810f6923d36497468ff7"},
    {file = "python_snappy-0.6.1-cp38-cp38-manylinux_2_17_s390x.manylinux2014_s390x.whl", hash = "sha256:cf5bb9254e1c38aacf253d510d3d9be631bba21f3d068b17672b38b5cbf2fff5"},
    {file = "python_snappy-0.6.1-cp38-cp38-win32.whl", hash = "sha256:eaf905a580f2747c4a474040a5063cd5e0cc3d1d2d6edb65f28196186493ad4a"},
    {file = "python_snappy-0.6.1-cp38-cp38-win_amd64.whl", hash = "sha256:546c1a7470ecbf6239101e9aff0f709b68ca0f0268b34d9023019a55baa1f7c6"},
    {file = "python_snappy-0.6.1-cp39-cp39-macosx_10_9_universal2.whl", hash = "sha256:e3a013895c64352b49d0d8e107a84f99631b16dbab156ded33ebf0becf56c8b2"},
    {file = "python_snappy-0.6.1-cp39-cp39-macosx_10_9_x86_64.whl", hash = "sha256:3fb9a88a4dd6336488f3de67ce75816d0d796dce53c2c6e4d70e0b565633c7fd"},
    {file = "python_snappy-0.6.1-cp39-cp39-manylinux_2_12_i686.manylinux2010_i686.whl", hash = "sha256:735cd4528c55dbe4516d6d2b403331a99fc304f8feded8ae887cf97b67d589bb"},
    {file = "python_snappy-0.6.1-cp39-cp39-manylinux_2_12_x86_64.manylinux2010_x86_64.whl", hash = "sha256:90b0186516b7a101c14764b0c25931b741fb0102f21253eff67847b4742dfc72"},
    {file = "python_snappy-0.6.1-cp39-cp39-manylinux_2_17_aarch64.manylinux2014_aarch64.whl", hash = "sha256:1a993dc8aadd901915a510fe6af5f20ae4256f527040066c22a154db8946751f"},
    {file = "python_snappy-0.6.1-cp39-cp39-manylinux_2_17_ppc64le.manylinux2014_ppc64le.whl", hash = "sha256:530bfb9efebcc1aab8bb4ebcbd92b54477eed11f6cf499355e882970a6d3aa7d"},
    {file = "python_snappy-0.6.1-cp39-cp39-manylinux_2_17_s390x.manylinux2014_s390x.whl", hash = "sha256:5843feb914796b1f0405ccf31ea0fb51034ceb65a7588edfd5a8250cb369e3b2"},
    {file = "python_snappy-0.6.1-cp39-cp39-win32.whl", hash = "sha256:66c80e9b366012dbee262bb1869e4fc5ba8786cda85928481528bc4a72ec2ee8"},
    {file = "python_snappy-0.6.1-cp39-cp39-win_amd64.whl", hash = "sha256:4d3cafdf454354a621c8ab7408e45aa4e9d5c0b943b61ff4815f71ca6bdf0130"},
    {file = "python_snappy-0.6.1-pp37-pypy37_pp73-manylinux_2_12_i686.manylinux2010_i686.whl", hash = "sha256:586724a0276d7a6083a17259d0b51622e492289a9998848a1b01b6441ca12b2f"},
    {file = "python_snappy-0.6.1-pp37-pypy37_pp73-manylinux_2_12_x86_64.manylinux2010_x86_64.whl", hash = "sha256:2be4f4550acd484912441f5f1209ba611ac399aac9355fee73611b9a0d4f949c"},
    {file = "python_snappy-0.6.1-pp37-pypy37_pp73-manylinux_2_17_aarch64.manylinux2014_aarch64.whl", hash = "sha256:0bdb6942180660bda7f7d01f4c0def3cfc72b1c6d99aad964801775a3e379aba"},
    {file = "python_snappy-0.6.1-pp37-pypy37_pp73-win_amd64.whl", hash = "sha256:03bb511380fca2a13325b6f16fe8234c8e12da9660f0258cd45d9a02ffc916af"},
]
pytzdata = [
    {file = "pytzdata-2020.1-py2.py3-none-any.whl", hash = "sha256:e1e14750bcf95016381e4d472bad004eef710f2d6417240904070b3d6654485f"},
    {file = "pytzdata-2020.1.tar.gz", hash = "sha256:3efa13b335a00a8de1d345ae41ec78dd11c9f8807f522d39850f2dd828681540"},
]
regex = [
    {file = "regex-2022.9.13-cp310-cp310-macosx_10_9_x86_64.whl", hash = "sha256:0394265391a86e2bbaa7606e59ac71bd9f1edf8665a59e42771a9c9adbf6fd4f"},
    {file = "regex-2022.9.13-cp310-cp310-macosx_11_0_arm64.whl", hash = "sha256:86df2049b18745f3cd4b0f4c4ef672bfac4b80ca488e6ecfd2bbfe68d2423a2c"},
    {file = "regex-2022.9.13-cp310-cp310-manylinux_2_17_aarch64.manylinux2014_aarch64.whl", hash = "sha256:ce331b076b2b013e7d7f07157f957974ef0b0881a808e8a4a4b3b5105aee5d04"},
    {file = "regex-2022.9.13-cp310-cp310-manylinux_2_17_ppc64le.manylinux2014_ppc64le.whl", hash = "sha256:360ffbc9357794ae41336b681dff1c0463193199dfb91fcad3ec385ea4972f46"},
    {file = "regex-2022.9.13-cp310-cp310-manylinux_2_17_s390x.manylinux2014_s390x.whl", hash = "sha256:18e503b1e515a10282b3f14f1b3d856194ecece4250e850fad230842ed31227f"},
    {file = "regex-2022.9.13-cp310-cp310-manylinux_2_17_x86_64.manylinux2014_x86_64.whl", hash = "sha256:f6e167d1ccd41d27b7b6655bb7a2dcb1b1eb1e0d2d662043470bd3b4315d8b2b"},
    {file = "regex-2022.9.13-cp310-cp310-manylinux_2_5_i686.manylinux1_i686.manylinux_2_17_i686.manylinux2014_i686.whl", hash = "sha256:4146cb7ae6029fc83b5c905ec6d806b7e5568dc14297c423e66b86294bad6c39"},
    {file = "regex-2022.9.13-cp310-cp310-manylinux_2_5_x86_64.manylinux1_x86_64.manylinux_2_12_x86_64.manylinux2010_x86_64.whl", hash = "sha256:a1aec4ae549fd7b3f52ceaf67e133010e2fba1538bf4d5fc5cd162a5e058d5df"},
    {file = "regex-2022.9.13-cp310-cp310-musllinux_1_1_aarch64.whl", hash = "sha256:cab548d6d972e1de584161487b2ac1aa82edd8430d1bde69587ba61698ad1cfb"},
    {file = "regex-2022.9.13-cp310-cp310-musllinux_1_1_i686.whl", hash = "sha256:3d64e1a7e6d98a4cdc8b29cb8d8ed38f73f49e55fbaa737bdb5933db99b9de22"},
    {file = "regex-2022.9.13-cp310-cp310-musllinux_1_1_ppc64le.whl", hash = "sha256:67a4c625361db04ae40ef7c49d3cbe2c1f5ff10b5a4491327ab20f19f2fb5d40"},
    {file = "regex-2022.9.13-cp310-cp310-musllinux_1_1_s390x.whl", hash = "sha256:5d0dd8b06896423211ce18fba0c75dacc49182a1d6514c004b535be7163dca0f"},
    {file = "regex-2022.9.13-cp310-cp310-musllinux_1_1_x86_64.whl", hash = "sha256:4318f69b79f9f7d84a7420e97d4bfe872dc767c72f891d4fea5fa721c74685f7"},
    {file = "regex-2022.9.13-cp310-cp310-win32.whl", hash = "sha256:26df88c9636a0c3f3bd9189dd435850a0c49d0b7d6e932500db3f99a6dd604d1"},
    {file = "regex-2022.9.13-cp310-cp310-win_amd64.whl", hash = "sha256:6fe1dd1021e0f8f3f454ce2811f1b0b148f2d25bb38c712fec00316551e93650"},
    {file = "regex-2022.9.13-cp311-cp311-macosx_10_9_x86_64.whl", hash = "sha256:83cc32a1a2fa5bac00f4abc0e6ce142e3c05d3a6d57e23bd0f187c59b4e1e43b"},
    {file = "regex-2022.9.13-cp311-cp311-macosx_11_0_arm64.whl", hash = "sha256:a2effeaf50a6838f3dd4d3c5d265f06eabc748f476e8441892645ae3a697e273"},
    {file = "regex-2022.9.13-cp311-cp311-manylinux_2_17_aarch64.manylinux2014_aarch64.whl", hash = "sha256:59a786a55d00439d8fae4caaf71581f2aaef7297d04ee60345c3594efef5648a"},
    {file = "regex-2022.9.13-cp311-cp311-manylinux_2_17_ppc64le.manylinux2014_ppc64le.whl", hash = "sha256:b7b701dbc124558fd2b1b08005eeca6c9160e209108fbcbd00091fcfac641ac7"},
    {file = "regex-2022.9.13-cp311-cp311-manylinux_2_17_s390x.manylinux2014_s390x.whl", hash = "sha256:dab81cc4d58026861445230cfba27f9825e9223557926e7ec22156a1a140d55c"},
    {file = "regex-2022.9.13-cp311-cp311-manylinux_2_17_x86_64.manylinux2014_x86_64.whl", hash = "sha256:7b0c5cc3d1744a67c3b433dce91e5ef7c527d612354c1f1e8576d9e86bc5c5e2"},
    {file = "regex-2022.9.13-cp311-cp311-manylinux_2_5_i686.manylinux1_i686.manylinux_2_17_i686.manylinux2014_i686.whl", hash = "sha256:518272f25da93e02af4f1e94985f5042cec21557ef3591027d0716f2adda5d0a"},
    {file = "regex-2022.9.13-cp311-cp311-musllinux_1_1_aarch64.whl", hash = "sha256:8418ee2cb857b83881b8f981e4c636bc50a0587b12d98cb9b947408a3c484fe7"},
    {file = "regex-2022.9.13-cp311-cp311-musllinux_1_1_i686.whl", hash = "sha256:cfa4c956ff0a977c4823cb3b930b0a4e82543b060733628fec7ab3eb9b1abe37"},
    {file = "regex-2022.9.13-cp311-cp311-musllinux_1_1_ppc64le.whl", hash = "sha256:a1c4d17879dd4c4432c08a1ca1ab379f12ab54af569e945b6fc1c4cf6a74ca45"},
    {file = "regex-2022.9.13-cp311-cp311-musllinux_1_1_s390x.whl", hash = "sha256:77c2879d3ba51e5ca6c2b47f2dcf3d04a976a623a8fc8236010a16c9e0b0a3c7"},
    {file = "regex-2022.9.13-cp311-cp311-musllinux_1_1_x86_64.whl", hash = "sha256:d2885ec6eea629c648ecc9bde0837ec6b92208b7f36381689937fe5d64a517e8"},
    {file = "regex-2022.9.13-cp311-cp311-win32.whl", hash = "sha256:2dda4b096a6f630d6531728a45bd12c67ec3badf44342046dc77d4897277d4f2"},
    {file = "regex-2022.9.13-cp311-cp311-win_amd64.whl", hash = "sha256:592b9e2e1862168e71d9e612bfdc22c451261967dbd46681f14e76dfba7105fd"},
    {file = "regex-2022.9.13-cp36-cp36m-macosx_10_9_x86_64.whl", hash = "sha256:df8fe00b60e4717662c7f80c810ba66dcc77309183c76b7754c0dff6f1d42054"},
    {file = "regex-2022.9.13-cp36-cp36m-manylinux_2_17_aarch64.manylinux2014_aarch64.whl", hash = "sha256:995e70bb8c91d1b99ed2aaf8ec44863e06ad1dfbb45d7df95f76ef583ec323a9"},
    {file = "regex-2022.9.13-cp36-cp36m-manylinux_2_17_ppc64le.manylinux2014_ppc64le.whl", hash = "sha256:ad75173349ad79f9d21e0d0896b27dcb37bfd233b09047bc0b4d226699cf5c87"},
    {file = "regex-2022.9.13-cp36-cp36m-manylinux_2_17_s390x.manylinux2014_s390x.whl", hash = "sha256:7681c49da1a2d4b905b4f53d86c9ba4506e79fba50c4a664d9516056e0f7dfcc"},
    {file = "regex-2022.9.13-cp36-cp36m-manylinux_2_17_x86_64.manylinux2014_x86_64.whl", hash = "sha256:9bc8edc5f8ef0ebb46f3fa0d02bd825bbe9cc63d59e428ffb6981ff9672f6de1"},
    {file = "regex-2022.9.13-cp36-cp36m-manylinux_2_5_i686.manylinux1_i686.manylinux_2_17_i686.manylinux2014_i686.whl", hash = "sha256:b7bee775ff05c9d519195bd9e8aaaccfe3971db60f89f89751ee0f234e8aeac5"},
    {file = "regex-2022.9.13-cp36-cp36m-manylinux_2_5_x86_64.manylinux1_x86_64.manylinux_2_12_x86_64.manylinux2010_x86_64.whl", hash = "sha256:1a901ce5cd42658ab8f8eade51b71a6d26ad4b68c7cfc86b87efc577dfa95602"},
    {file = "regex-2022.9.13-cp36-cp36m-musllinux_1_1_aarch64.whl", hash = "sha256:14a7ab070fa3aec288076eed6ed828587b805ef83d37c9bfccc1a4a7cfbd8111"},
    {file = "regex-2022.9.13-cp36-cp36m-musllinux_1_1_i686.whl", hash = "sha256:d23ac6b4bf9e32fcde5fcdb2e1fd5e7370d6693fcac51ee1d340f0e886f50d1f"},
    {file = "regex-2022.9.13-cp36-cp36m-musllinux_1_1_ppc64le.whl", hash = "sha256:4cdbfa6d2befeaee0c899f19222e9b20fc5abbafe5e9c43a46ef819aeb7b75e5"},
    {file = "regex-2022.9.13-cp36-cp36m-musllinux_1_1_s390x.whl", hash = "sha256:ab07934725e6f25c6f87465976cc69aef1141e86987af49d8c839c3ffd367c72"},
    {file = "regex-2022.9.13-cp36-cp36m-musllinux_1_1_x86_64.whl", hash = "sha256:d2a1371dc73e921f3c2e087c05359050f3525a9a34b476ebc8130e71bec55e97"},
    {file = "regex-2022.9.13-cp36-cp36m-win32.whl", hash = "sha256:fcbd1edff1473d90dc5cf4b52d355cf1f47b74eb7c85ba6e45f45d0116b8edbd"},
    {file = "regex-2022.9.13-cp36-cp36m-win_amd64.whl", hash = "sha256:fe428822b7a8c486bcd90b334e9ab541ce6cc0d6106993d59f201853e5e14121"},
    {file = "regex-2022.9.13-cp37-cp37m-macosx_10_9_x86_64.whl", hash = "sha256:d7430f041755801b712ec804aaf3b094b9b5facbaa93a6339812a8e00d7bd53a"},
    {file = "regex-2022.9.13-cp37-cp37m-manylinux_2_17_aarch64.manylinux2014_aarch64.whl", hash = "sha256:079c182f99c89524069b9cd96f5410d6af437e9dca576a7d59599a574972707e"},
    {file = "regex-2022.9.13-cp37-cp37m-manylinux_2_17_ppc64le.manylinux2014_ppc64le.whl", hash = "sha256:59bac44b5a07b08a261537f652c26993af9b1bbe2a29624473968dd42fc29d56"},
    {file = "regex-2022.9.13-cp37-cp37m-manylinux_2_17_s390x.manylinux2014_s390x.whl", hash = "sha256:a59d0377e58d96a6f11636e97992f5b51b7e1e89eb66332d1c01b35adbabfe8a"},
    {file = "regex-2022.9.13-cp37-cp37m-manylinux_2_17_x86_64.manylinux2014_x86_64.whl", hash = "sha256:b9d68eb704b24bc4d441b24e4a12653acd07d2c39940548761e0985a08bc1fff"},
    {file = "regex-2022.9.13-cp37-cp37m-manylinux_2_5_i686.manylinux1_i686.manylinux_2_17_i686.manylinux2014_i686.whl", hash = "sha256:0385d66e73cdd4462f3cc42c76a6576ddcc12472c30e02a2ae82061bff132c32"},
    {file = "regex-2022.9.13-cp37-cp37m-manylinux_2_5_x86_64.manylinux1_x86_64.manylinux_2_12_x86_64.manylinux2010_x86_64.whl", hash = "sha256:db45016364eec9ddbb5af93c8740c5c92eb7f5fc8848d1ae04205a40a1a2efc6"},
    {file = "regex-2022.9.13-cp37-cp37m-musllinux_1_1_aarch64.whl", hash = "sha256:03ff695518482b946a6d3d4ce9cbbd99a21320e20d94913080aa3841f880abcd"},
    {file = "regex-2022.9.13-cp37-cp37m-musllinux_1_1_i686.whl", hash = "sha256:6b32b45433df1fad7fed738fe15200b6516da888e0bd1fdd6aa5e50cc16b76bc"},
    {file = "regex-2022.9.13-cp37-cp37m-musllinux_1_1_ppc64le.whl", hash = "sha256:003a2e1449d425afc817b5f0b3d4c4aa9072dd5f3dfbf6c7631b8dc7b13233de"},
    {file = "regex-2022.9.13-cp37-cp37m-musllinux_1_1_s390x.whl", hash = "sha256:a9eb9558e1d0f78e07082d8a70d5c4d631c8dd75575fae92105df9e19c736730"},
    {file = "regex-2022.9.13-cp37-cp37m-musllinux_1_1_x86_64.whl", hash = "sha256:f6e0321921d2fdc082ef90c1fd0870f129c2e691bfdc4937dcb5cd308aba95c4"},
    {file = "regex-2022.9.13-cp37-cp37m-win32.whl", hash = "sha256:3f3b4594d564ed0b2f54463a9f328cf6a5b2a32610a90cdff778d6e3e561d08b"},
    {file = "regex-2022.9.13-cp37-cp37m-win_amd64.whl", hash = "sha256:8aba0d01e3dfd335f2cb107079b07fdddb4cd7fb2d8c8a1986f9cb8ce9246c24"},
    {file = "regex-2022.9.13-cp38-cp38-macosx_10_9_x86_64.whl", hash = "sha256:944567bb08f52268d8600ee5bdf1798b2b62ea002cc692a39cec113244cbdd0d"},
    {file = "regex-2022.9.13-cp38-cp38-macosx_11_0_arm64.whl", hash = "sha256:0b664a4d33ffc6be10996606dfc25fd3248c24cc589c0b139feb4c158053565e"},
    {file = "regex-2022.9.13-cp38-cp38-manylinux_2_17_aarch64.manylinux2014_aarch64.whl", hash = "sha256:f06cc1190f3db3192ab8949e28f2c627e1809487e2cfc435b6524c1ce6a2f391"},
    {file = "regex-2022.9.13-cp38-cp38-manylinux_2_17_ppc64le.manylinux2014_ppc64le.whl", hash = "sha256:6c57d50d4d5eb0c862569ca3c840eba2a73412f31d9ecc46ef0d6b2e621a592b"},
    {file = "regex-2022.9.13-cp38-cp38-manylinux_2_17_s390x.manylinux2014_s390x.whl", hash = "sha256:19a4da6f513045f5ba00e491215bd00122e5bd131847586522463e5a6b2bd65f"},
    {file = "regex-2022.9.13-cp38-cp38-manylinux_2_17_x86_64.manylinux2014_x86_64.whl", hash = "sha256:a926339356fe29595f8e37af71db37cd87ff764e15da8ad5129bbaff35bcc5a6"},
    {file = "regex-2022.9.13-cp38-cp38-manylinux_2_5_i686.manylinux1_i686.manylinux_2_17_i686.manylinux2014_i686.whl", hash = "sha256:091efcfdd4178a7e19a23776dc2b1fafb4f57f4d94daf340f98335817056f874"},
    {file = "regex-2022.9.13-cp38-cp38-manylinux_2_5_x86_64.manylinux1_x86_64.manylinux_2_12_x86_64.manylinux2010_x86_64.whl", hash = "sha256:880dbeb6bdde7d926b4d8e41410b16ffcd4cb3b4c6d926280fea46e2615c7a01"},
    {file = "regex-2022.9.13-cp38-cp38-musllinux_1_1_aarch64.whl", hash = "sha256:73b985c9fc09a7896846e26d7b6f4d1fd5a20437055f4ef985d44729f9f928d0"},
    {file = "regex-2022.9.13-cp38-cp38-musllinux_1_1_i686.whl", hash = "sha256:c0b7cb9598795b01f9a3dd3f770ab540889259def28a3bf9b2fa24d52edecba3"},
    {file = "regex-2022.9.13-cp38-cp38-musllinux_1_1_ppc64le.whl", hash = "sha256:37e5a26e76c46f54b3baf56a6fdd56df9db89758694516413757b7d127d4c57b"},
    {file = "regex-2022.9.13-cp38-cp38-musllinux_1_1_s390x.whl", hash = "sha256:99945ddb4f379bb9831c05e9f80f02f079ba361a0fb1fba1fc3b267639b6bb2e"},
    {file = "regex-2022.9.13-cp38-cp38-musllinux_1_1_x86_64.whl", hash = "sha256:8dcbcc9e72a791f622a32d17ff5011326a18996647509cac0609a7fc43adc229"},
    {file = "regex-2022.9.13-cp38-cp38-win32.whl", hash = "sha256:d3102ab9bf16bf541ca228012d45d88d2a567c9682a805ae2c145a79d3141fdd"},
    {file = "regex-2022.9.13-cp38-cp38-win_amd64.whl", hash = "sha256:14216ea15efc13f28d0ef1c463d86d93ca7158a79cd4aec0f9273f6d4c6bb047"},
    {file = "regex-2022.9.13-cp39-cp39-macosx_10_9_x86_64.whl", hash = "sha256:9a165a05979e212b2c2d56a9f40b69c811c98a788964e669eb322de0a3e420b4"},
    {file = "regex-2022.9.13-cp39-cp39-macosx_11_0_arm64.whl", hash = "sha256:14c71437ffb89479c89cc7022a5ea2075a842b728f37205e47c824cc17b30a42"},
    {file = "regex-2022.9.13-cp39-cp39-manylinux_2_17_aarch64.manylinux2014_aarch64.whl", hash = "sha256:ee7045623a5ace70f3765e452528b4c1f2ce669ed31959c63f54de64fe2f6ff7"},
    {file = "regex-2022.9.13-cp39-cp39-manylinux_2_17_ppc64le.manylinux2014_ppc64le.whl", hash = "sha256:6e521d9db006c5e4a0f8acfef738399f72b704913d4e083516774eb51645ad7c"},
    {file = "regex-2022.9.13-cp39-cp39-manylinux_2_17_s390x.manylinux2014_s390x.whl", hash = "sha256:b86548b8234b2be3985dbc0b385e35f5038f0f3e6251464b827b83ebf4ed90e5"},
    {file = "regex-2022.9.13-cp39-cp39-manylinux_2_17_x86_64.manylinux2014_x86_64.whl", hash = "sha256:a2b39ee3b280e15824298b97cec3f7cbbe6539d8282cc8a6047a455b9a72c598"},
    {file = "regex-2022.9.13-cp39-cp39-manylinux_2_5_i686.manylinux1_i686.manylinux_2_17_i686.manylinux2014_i686.whl", hash = "sha256:e6e6e61e9a38b6cc60ca3e19caabc90261f070f23352e66307b3d21a24a34aaf"},
    {file = "regex-2022.9.13-cp39-cp39-manylinux_2_5_x86_64.manylinux1_x86_64.manylinux_2_12_x86_64.manylinux2010_x86_64.whl", hash = "sha256:d837ccf3bd2474feabee96cd71144e991472e400ed26582edc8ca88ce259899c"},
    {file = "regex-2022.9.13-cp39-cp39-musllinux_1_1_aarch64.whl", hash = "sha256:6adfe300848d61a470ec7547adc97b0ccf86de86a99e6830f1d8c8d19ecaf6b3"},
    {file = "regex-2022.9.13-cp39-cp39-musllinux_1_1_i686.whl", hash = "sha256:d5b003d248e6f292475cd24b04e5f72c48412231961a675edcb653c70730e79e"},
    {file = "regex-2022.9.13-cp39-cp39-musllinux_1_1_ppc64le.whl", hash = "sha256:d5edd3eb877c9fc2e385173d4a4e1d792bf692d79e25c1ca391802d36ecfaa01"},
    {file = "regex-2022.9.13-cp39-cp39-musllinux_1_1_s390x.whl", hash = "sha256:50e764ffbd08b06aa8c4e86b8b568b6722c75d301b33b259099f237c46b2134e"},
    {file = "regex-2022.9.13-cp39-cp39-musllinux_1_1_x86_64.whl", hash = "sha256:6d43bd402b27e0e7eae85c612725ba1ce7798f20f6fab4e8bc3de4f263294f03"},
    {file = "regex-2022.9.13-cp39-cp39-win32.whl", hash = "sha256:7fcf7f94ccad19186820ac67e2ec7e09e0ac2dac39689f11cf71eac580503296"},
    {file = "regex-2022.9.13-cp39-cp39-win_amd64.whl", hash = "sha256:322bd5572bed36a5b39952d88e072738926759422498a96df138d93384934ff8"},
    {file = "regex-2022.9.13.tar.gz", hash = "sha256:f07373b6e56a6f3a0df3d75b651a278ca7bd357a796078a26a958ea1ce0588fd"},
]
roman = [
    {file = "roman-3.3-py2.py3-none-any.whl", hash = "sha256:c2a1f14ab47373aecc141edbcdd66595949c9d0ed932fe76bd547df1b55f7278"},
    {file = "roman-3.3.tar.gz", hash = "sha256:2c46ac8db827d34e4fa9ccc0577e7f0b0d84f16ffe112351bd4f1ec2eb12d73f"},
]
six = [
    {file = "six-1.16.0-py2.py3-none-any.whl", hash = "sha256:8abb2f1d86890a2dfb989f9a77cfcfd3e47c2a354b01111771326f8aa26e0254"},
    {file = "six-1.16.0.tar.gz", hash = "sha256:1e61c37477a1626458e36f7b1d82aa5c9b094fa4802892072e49de9c60c4c926"},
]
snowballstemmer = [
    {file = "snowballstemmer-2.2.0-py2.py3-none-any.whl", hash = "sha256:c8e1716e83cc398ae16824e5572ae04e0d9fc2c6b985fb0f900f5f0c96ecba1a"},
    {file = "snowballstemmer-2.2.0.tar.gz", hash = "sha256:09b16deb8547d3412ad7b590689584cd0fe25ec8db3be37788be3810cbf19cb1"},
]
tomli = [
    {file = "tomli-2.0.1-py3-none-any.whl", hash = "sha256:939de3e7a6161af0c887ef91b7d41a53e7c5a1ca976325f429cb46ea9bc30ecc"},
    {file = "tomli-2.0.1.tar.gz", hash = "sha256:de526c12914f0c550d15924c62d72abc48d6fe7364aa87328337a31007fe8a4f"},
]
typing-extensions = [
    {file = "typing_extensions-4.4.0-py3-none-any.whl", hash = "sha256:16fa4864408f655d35ec496218b85f79b3437c829e93320c7c9215ccfd92489e"},
    {file = "typing_extensions-4.4.0.tar.gz", hash = "sha256:1511434bb92bf8dd198c12b1cc812e800d4181cfcb867674e0f8279cc93087aa"},
]
